
Microsoft Visual Studio Solution File, Format Version 12.00
# Visual Studio 15
VisualStudioVersion = 15.0.26124.0
MinimumVisualStudioVersion = 15.0.26124.0
Project("{9A19103F-16F7-4668-BE54-9A1E7A4F7556}") = "api", "api\api.csproj", "{39B4A1A3-F185-48F4-B113-515BDBA900D2}"
EndProject
Project("{9A19103F-16F7-4668-BE54-9A1E7A4F7556}") = "tests", "tests\tests.csproj", "{C218EAD5-4588-4643-AF83-EF1A7E916FF2}"
EndProject
Project("{9A19103F-16F7-4668-BE54-9A1E7A4F7556}") = "util", "util\util.csproj", "{6910C6CF-BB1A-4816-AFB1-FAC45610872B}"
EndProject
Project("{9A19103F-16F7-4668-BE54-9A1E7A4F7556}") = "priceupdates", "..\priceupdates\priceupdates\priceupdates.csproj", "{C0DBB9DE-F12F-4932-A931-FF78B1C80899}"
EndProject
Project("{9A19103F-16F7-4668-BE54-9A1E7A4F7556}") = "rosyln", "roslyn\rosyln.csproj", "{DFAB7560-7B2B-49AB-9F98-CEB69CE56882}"
EndProject
Global
	GlobalSection(SolutionConfigurationPlatforms) = preSolution
		Debug|Any CPU = Debug|Any CPU
		Debug|x64 = Debug|x64
		Debug|x86 = Debug|x86
		Release|Any CPU = Release|Any CPU
		Release|x64 = Release|x64
		Release|x86 = Release|x86
	EndGlobalSection
	GlobalSection(ProjectConfigurationPlatforms) = postSolution
		{39B4A1A3-F185-48F4-B113-515BDBA900D2}.Debug|Any CPU.ActiveCfg = Debug|Any CPU
		{39B4A1A3-F185-48F4-B113-515BDBA900D2}.Debug|Any CPU.Build.0 = Debug|Any CPU
		{39B4A1A3-F185-48F4-B113-515BDBA900D2}.Debug|x64.ActiveCfg = Debug|Any CPU
		{39B4A1A3-F185-48F4-B113-515BDBA900D2}.Debug|x64.Build.0 = Debug|Any CPU
		{39B4A1A3-F185-48F4-B113-515BDBA900D2}.Debug|x86.ActiveCfg = Debug|Any CPU
		{39B4A1A3-F185-48F4-B113-515BDBA900D2}.Debug|x86.Build.0 = Debug|Any CPU
		{39B4A1A3-F185-48F4-B113-515BDBA900D2}.Release|Any CPU.ActiveCfg = Release|Any CPU
		{39B4A1A3-F185-48F4-B113-515BDBA900D2}.Release|Any CPU.Build.0 = Release|Any CPU
		{39B4A1A3-F185-48F4-B113-515BDBA900D2}.Release|x64.ActiveCfg = Release|Any CPU
		{39B4A1A3-F185-48F4-B113-515BDBA900D2}.Release|x64.Build.0 = Release|Any CPU
		{39B4A1A3-F185-48F4-B113-515BDBA900D2}.Release|x86.ActiveCfg = Release|Any CPU
		{39B4A1A3-F185-48F4-B113-515BDBA900D2}.Release|x86.Build.0 = Release|Any CPU
		{C218EAD5-4588-4643-AF83-EF1A7E916FF2}.Debug|Any CPU.ActiveCfg = Debug|Any CPU
		{C218EAD5-4588-4643-AF83-EF1A7E916FF2}.Debug|Any CPU.Build.0 = Debug|Any CPU
		{C218EAD5-4588-4643-AF83-EF1A7E916FF2}.Debug|x64.ActiveCfg = Debug|Any CPU
		{C218EAD5-4588-4643-AF83-EF1A7E916FF2}.Debug|x64.Build.0 = Debug|Any CPU
		{C218EAD5-4588-4643-AF83-EF1A7E916FF2}.Debug|x86.ActiveCfg = Debug|Any CPU
		{C218EAD5-4588-4643-AF83-EF1A7E916FF2}.Debug|x86.Build.0 = Debug|Any CPU
		{C218EAD5-4588-4643-AF83-EF1A7E916FF2}.Release|Any CPU.ActiveCfg = Release|Any CPU
		{C218EAD5-4588-4643-AF83-EF1A7E916FF2}.Release|Any CPU.Build.0 = Release|Any CPU
		{C218EAD5-4588-4643-AF83-EF1A7E916FF2}.Release|x64.ActiveCfg = Release|Any CPU
		{C218EAD5-4588-4643-AF83-EF1A7E916FF2}.Release|x64.Build.0 = Release|Any CPU
		{C218EAD5-4588-4643-AF83-EF1A7E916FF2}.Release|x86.ActiveCfg = Release|Any CPU
		{C218EAD5-4588-4643-AF83-EF1A7E916FF2}.Release|x86.Build.0 = Release|Any CPU
		{6910C6CF-BB1A-4816-AFB1-FAC45610872B}.Debug|Any CPU.ActiveCfg = Debug|Any CPU
		{6910C6CF-BB1A-4816-AFB1-FAC45610872B}.Debug|Any CPU.Build.0 = Debug|Any CPU
		{6910C6CF-BB1A-4816-AFB1-FAC45610872B}.Debug|x64.ActiveCfg = Debug|Any CPU
		{6910C6CF-BB1A-4816-AFB1-FAC45610872B}.Debug|x64.Build.0 = Debug|Any CPU
		{6910C6CF-BB1A-4816-AFB1-FAC45610872B}.Debug|x86.ActiveCfg = Debug|Any CPU
		{6910C6CF-BB1A-4816-AFB1-FAC45610872B}.Debug|x86.Build.0 = Debug|Any CPU
		{6910C6CF-BB1A-4816-AFB1-FAC45610872B}.Release|Any CPU.ActiveCfg = Release|Any CPU
		{6910C6CF-BB1A-4816-AFB1-FAC45610872B}.Release|Any CPU.Build.0 = Release|Any CPU
		{6910C6CF-BB1A-4816-AFB1-FAC45610872B}.Release|x64.ActiveCfg = Release|Any CPU
		{6910C6CF-BB1A-4816-AFB1-FAC45610872B}.Release|x64.Build.0 = Release|Any CPU
		{6910C6CF-BB1A-4816-AFB1-FAC45610872B}.Release|x86.ActiveCfg = Release|Any CPU
		{6910C6CF-BB1A-4816-AFB1-FAC45610872B}.Release|x86.Build.0 = Release|Any CPU
		{C0DBB9DE-F12F-4932-A931-FF78B1C80899}.Debug|Any CPU.ActiveCfg = Debug|Any CPU
		{C0DBB9DE-F12F-4932-A931-FF78B1C80899}.Debug|Any CPU.Build.0 = Debug|Any CPU
		{C0DBB9DE-F12F-4932-A931-FF78B1C80899}.Debug|x64.ActiveCfg = Debug|Any CPU
		{C0DBB9DE-F12F-4932-A931-FF78B1C80899}.Debug|x64.Build.0 = Debug|Any CPU
		{C0DBB9DE-F12F-4932-A931-FF78B1C80899}.Debug|x86.ActiveCfg = Debug|Any CPU
		{C0DBB9DE-F12F-4932-A931-FF78B1C80899}.Debug|x86.Build.0 = Debug|Any CPU
		{C0DBB9DE-F12F-4932-A931-FF78B1C80899}.Release|Any CPU.ActiveCfg = Release|Any CPU
		{C0DBB9DE-F12F-4932-A931-FF78B1C80899}.Release|Any CPU.Build.0 = Release|Any CPU
		{C0DBB9DE-F12F-4932-A931-FF78B1C80899}.Release|x64.ActiveCfg = Release|Any CPU
		{C0DBB9DE-F12F-4932-A931-FF78B1C80899}.Release|x64.Build.0 = Release|Any CPU
		{C0DBB9DE-F12F-4932-A931-FF78B1C80899}.Release|x86.ActiveCfg = Release|Any CPU
		{C0DBB9DE-F12F-4932-A931-FF78B1C80899}.Release|x86.Build.0 = Release|Any CPU
		{DFAB7560-7B2B-49AB-9F98-CEB69CE56882}.Debug|Any CPU.ActiveCfg = Debug|Any CPU
		{DFAB7560-7B2B-49AB-9F98-CEB69CE56882}.Debug|Any CPU.Build.0 = Debug|Any CPU
		{DFAB7560-7B2B-49AB-9F98-CEB69CE56882}.Debug|x64.ActiveCfg = Debug|Any CPU
		{DFAB7560-7B2B-49AB-9F98-CEB69CE56882}.Debug|x64.Build.0 = Debug|Any CPU
		{DFAB7560-7B2B-49AB-9F98-CEB69CE56882}.Debug|x86.ActiveCfg = Debug|Any CPU
		{DFAB7560-7B2B-49AB-9F98-CEB69CE56882}.Debug|x86.Build.0 = Debug|Any CPU
		{DFAB7560-7B2B-49AB-9F98-CEB69CE56882}.Release|Any CPU.ActiveCfg = Release|Any CPU
		{DFAB7560-7B2B-49AB-9F98-CEB69CE56882}.Release|Any CPU.Build.0 = Release|Any CPU
		{DFAB7560-7B2B-49AB-9F98-CEB69CE56882}.Release|x64.ActiveCfg = Release|Any CPU
		{DFAB7560-7B2B-49AB-9F98-CEB69CE56882}.Release|x64.Build.0 = Release|Any CPU
		{DFAB7560-7B2B-49AB-9F98-CEB69CE56882}.Release|x86.ActiveCfg = Release|Any CPU
		{DFAB7560-7B2B-49AB-9F98-CEB69CE56882}.Release|x86.Build.0 = Release|Any CPU
	EndGlobalSection
	GlobalSection(SolutionProperties) = preSolution
		HideSolutionNode = FALSE
	EndGlobalSection
	GlobalSection(ExtensibilityGlobals) = postSolution
		SolutionGuid = {489720A7-9E11-43E4-8559-538B14E3A917}
	EndGlobalSection
EndGlobal
