Microsoft Visual Studio Solution File, Format Version 12.00
# Visual Studio 15
VisualStudioVersion = 15.0.28307.645
MinimumVisualStudioVersion = 10.0.40219.1
Project("{FAE04EC0-301F-11D3-BF4B-00C04F79EFBC}") = "goldrepl", "goldrepl\goldrepl.csproj", "{BD6D6039-E9C4-49C6-B952-58147CF52196}"
EndProject
Project("{9A19103F-16F7-4668-BE54-9A1E7A4F7556}") = "Gold", "Gold\Gold.csproj", "{A064A8A9-7505-441C-B55B-807F92100195}"
EndProject
Project("{FAE04EC0-301F-11D3-BF4B-00C04F79EFBC}") = "GoldAPIServer.DataLayer.Isam", "..\..\..\..\..\..\ibcos\Repositorys\gold\api-server\src\DALs\GoldAPIServer.DataLayer.Isam\GoldAPIServer.DataLayer.Isam.csproj", "{CFB4F69A-5A90-4FAD-8D6A-C3B37ED2A009}"
EndProject
Global
	GlobalSection(SolutionConfigurationPlatforms) = preSolution
		Debug|Any CPU = Debug|Any CPU
		Debug|x86 = Debug|x86
		Release|Any CPU = Release|Any CPU
		Release|x86 = Release|x86
	EndGlobalSection
	GlobalSection(ProjectConfigurationPlatforms) = postSolution
		{BD6D6039-E9C4-49C6-B952-58147CF52196}.Debug|Any CPU.ActiveCfg = Debug|x86
		{BD6D6039-E9C4-49C6-B952-58147CF52196}.Debug|x86.ActiveCfg = Debug|x86
		{BD6D6039-E9C4-49C6-B952-58147CF52196}.Debug|x86.Build.0 = Debug|x86
		{BD6D6039-E9C4-49C6-B952-58147CF52196}.Release|Any CPU.ActiveCfg = Release|x86
		{BD6D6039-E9C4-49C6-B952-58147CF52196}.Release|x86.ActiveCfg = Release|x86
		{BD6D6039-E9C4-49C6-B952-58147CF52196}.Release|x86.Build.0 = Release|x86
		{A064A8A9-7505-441C-B55B-807F92100195}.Debug|Any CPU.ActiveCfg = Debug|Any CPU
		{A064A8A9-7505-441C-B55B-807F92100195}.Debug|Any CPU.Build.0 = Debug|Any CPU
		{A064A8A9-7505-441C-B55B-807F92100195}.Debug|x86.ActiveCfg = Debug|Any CPU
		{A064A8A9-7505-441C-B55B-807F92100195}.Debug|x86.Build.0 = Debug|Any CPU
		{A064A8A9-7505-441C-B55B-807F92100195}.Release|Any CPU.ActiveCfg = Release|Any CPU
		{A064A8A9-7505-441C-B55B-807F92100195}.Release|Any CPU.Build.0 = Release|Any CPU
		{A064A8A9-7505-441C-B55B-807F92100195}.Release|x86.ActiveCfg = Release|Any CPU
		{A064A8A9-7505-441C-B55B-807F92100195}.Release|x86.Build.0 = Release|Any CPU
		{CFB4F69A-5A90-4FAD-8D6A-C3B37ED2A009}.Debug|Any CPU.ActiveCfg = Debug|Any CPU
		{CFB4F69A-5A90-4FAD-8D6A-C3B37ED2A009}.Debug|Any CPU.Build.0 = Debug|Any CPU
		{CFB4F69A-5A90-4FAD-8D6A-C3B37ED2A009}.Debug|x86.ActiveCfg = Debug|Any CPU
		{CFB4F69A-5A90-4FAD-8D6A-C3B37ED2A009}.Debug|x86.Build.0 = Debug|Any CPU
		{CFB4F69A-5A90-4FAD-8D6A-C3B37ED2A009}.Release|Any CPU.ActiveCfg = Release|Any CPU
		{CFB4F69A-5A90-4FAD-8D6A-C3B37ED2A009}.Release|Any CPU.Build.0 = Release|Any CPU
		{CFB4F69A-5A90-4FAD-8D6A-C3B37ED2A009}.Release|x86.ActiveCfg = Release|Any CPU
		{CFB4F69A-5A90-4FAD-8D6A-C3B37ED2A009}.Release|x86.Build.0 = Release|Any CPU
	EndGlobalSection
	GlobalSection(SolutionProperties) = preSolution
		HideSolutionNode = FALSE
	EndGlobalSection
	GlobalSection(ExtensibilityGlobals) = postSolution
		SolutionGuid = {CF2E1D32-24B7-420F-A37C-B5A82D48C6CB}
	EndGlobalSection
EndGlobal
