Microsoft Visual Studio Solution File, Format Version 12.00
# Visual Studio 15
VisualStudioVersion = 15.0.28307.645
MinimumVisualStudioVersion = 10.0.40219.1
Project("{FAE04EC0-301F-11D3-BF4B-00C04F79EFBC}") = "goldrepl", "goldrepl\goldrepl.csproj", "{BD6D6039-E9C4-49C6-B952-58147CF52196}"
	ProjectSection(ProjectDependencies) = postProject
		{F785CA03-1A5C-4951-96E5-FE4D7A322F26} = {F785CA03-1A5C-4951-96E5-FE4D7A322F26}
		{739AE41D-27B2-4F33-990C-29E392F9D093} = {739AE41D-27B2-4F33-990C-29E392F9D093}
		{4546BB1E-C1B8-4080-A6B8-5930344E243C} = {4546BB1E-C1B8-4080-A6B8-5930344E243C}
		{A064A8A9-7505-441C-B55B-807F92100195} = {A064A8A9-7505-441C-B55B-807F92100195}
		{8CC075B6-7514-4B88-B770-A90C3E8B175B} = {8CC075B6-7514-4B88-B770-A90C3E8B175B}
	EndProjectSection
EndProject
Project("{9A19103F-16F7-4668-BE54-9A1E7A4F7556}") = "Gold", "Gold\Gold.csproj", "{A064A8A9-7505-441C-B55B-807F92100195}"
EndProject
Project("{9A19103F-16F7-4668-BE54-9A1E7A4F7556}") = "GoldAPIServer.DataLayer.Isam", "..\..\..\..\..\..\ibcos\Repositorys\gold\api-server\src\DataLayer\GoldAPIServer.DataLayer.Isam\GoldAPIServer.DataLayer.Isam.csproj", "{739AE41D-27B2-4F33-990C-29E392F9D093}"
EndProject
Project("{9A19103F-16F7-4668-BE54-9A1E7A4F7556}") = "GoldAPIServer.Util", "..\..\..\..\..\..\ibcos\Repositorys\gold\api-server\src\GoldAPIServer.Util\GoldAPIServer.Util.csproj", "{4546BB1E-C1B8-4080-A6B8-5930344E243C}"
EndProject
Project("{9A19103F-16F7-4668-BE54-9A1E7A4F7556}") = "GoldAPIServer.DataLayer", "..\..\..\..\..\..\ibcos\Repositorys\gold\api-server\src\DataLayer\GoldAPIServer.DataLayer\GoldAPIServer.DataLayer.csproj", "{F785CA03-1A5C-4951-96E5-FE4D7A322F26}"
EndProject
Project("{9A19103F-16F7-4668-BE54-9A1E7A4F7556}") = "ReadLine", "ReadLine\ReadLine.csproj", "{8CC075B6-7514-4B88-B770-A90C3E8B175B}"
EndProject
Global
	GlobalSection(SolutionConfigurationPlatforms) = preSolution
		Debug|Any CPU = Debug|Any CPU
		Debug|x86 = Debug|x86
		Release|Any CPU = Release|Any CPU
		Release|x86 = Release|x86
	EndGlobalSection
	GlobalSection(ProjectConfigurationPlatforms) = postSolution
		{BD6D6039-E9C4-49C6-B952-58147CF52196}.Debug|Any CPU.ActiveCfg = Debug|x86
		{BD6D6039-E9C4-49C6-B952-58147CF52196}.Debug|Any CPU.Build.0 = Debug|x86
		{BD6D6039-E9C4-49C6-B952-58147CF52196}.Debug|x86.ActiveCfg = Debug|x86
		{BD6D6039-E9C4-49C6-B952-58147CF52196}.Debug|x86.Build.0 = Debug|x86
		{BD6D6039-E9C4-49C6-B952-58147CF52196}.Release|Any CPU.ActiveCfg = Release|x86
		{BD6D6039-E9C4-49C6-B952-58147CF52196}.Release|x86.ActiveCfg = Release|x86
		{BD6D6039-E9C4-49C6-B952-58147CF52196}.Release|x86.Build.0 = Release|x86
		{A064A8A9-7505-441C-B55B-807F92100195}.Debug|Any CPU.ActiveCfg = Debug|Any CPU
		{A064A8A9-7505-441C-B55B-807F92100195}.Debug|Any CPU.Build.0 = Debug|Any CPU
		{A064A8A9-7505-441C-B55B-807F92100195}.Debug|x86.ActiveCfg = Debug|Any CPU
		{A064A8A9-7505-441C-B55B-807F92100195}.Debug|x86.Build.0 = Debug|Any CPU
		{A064A8A9-7505-441C-B55B-807F92100195}.Release|Any CPU.ActiveCfg = Release|Any CPU
		{A064A8A9-7505-441C-B55B-807F92100195}.Release|Any CPU.Build.0 = Release|Any CPU
		{A064A8A9-7505-441C-B55B-807F92100195}.Release|x86.ActiveCfg = Release|Any CPU
		{A064A8A9-7505-441C-B55B-807F92100195}.Release|x86.Build.0 = Release|Any CPU
		{739AE41D-27B2-4F33-990C-29E392F9D093}.Debug|Any CPU.ActiveCfg = Debug|Any CPU
		{739AE41D-27B2-4F33-990C-29E392F9D093}.Debug|Any CPU.Build.0 = Debug|Any CPU
		{739AE41D-27B2-4F33-990C-29E392F9D093}.Debug|x86.ActiveCfg = Debug|Any CPU
		{739AE41D-27B2-4F33-990C-29E392F9D093}.Debug|x86.Build.0 = Debug|Any CPU
		{739AE41D-27B2-4F33-990C-29E392F9D093}.Release|Any CPU.ActiveCfg = Release|Any CPU
		{739AE41D-27B2-4F33-990C-29E392F9D093}.Release|Any CPU.Build.0 = Release|Any CPU
		{739AE41D-27B2-4F33-990C-29E392F9D093}.Release|x86.ActiveCfg = Release|Any CPU
		{739AE41D-27B2-4F33-990C-29E392F9D093}.Release|x86.Build.0 = Release|Any CPU
		{4546BB1E-C1B8-4080-A6B8-5930344E243C}.Debug|Any CPU.ActiveCfg = Debug|Any CPU
		{4546BB1E-C1B8-4080-A6B8-5930344E243C}.Debug|Any CPU.Build.0 = Debug|Any CPU
		{4546BB1E-C1B8-4080-A6B8-5930344E243C}.Debug|x86.ActiveCfg = Debug|Any CPU
		{4546BB1E-C1B8-4080-A6B8-5930344E243C}.Debug|x86.Build.0 = Debug|Any CPU
		{4546BB1E-C1B8-4080-A6B8-5930344E243C}.Release|Any CPU.ActiveCfg = Release|Any CPU
		{4546BB1E-C1B8-4080-A6B8-5930344E243C}.Release|Any CPU.Build.0 = Release|Any CPU
		{4546BB1E-C1B8-4080-A6B8-5930344E243C}.Release|x86.ActiveCfg = Release|Any CPU
		{4546BB1E-C1B8-4080-A6B8-5930344E243C}.Release|x86.Build.0 = Release|Any CPU
		{F785CA03-1A5C-4951-96E5-FE4D7A322F26}.Debug|Any CPU.ActiveCfg = Debug|Any CPU
		{F785CA03-1A5C-4951-96E5-FE4D7A322F26}.Debug|Any CPU.Build.0 = Debug|Any CPU
		{F785CA03-1A5C-4951-96E5-FE4D7A322F26}.Debug|x86.ActiveCfg = Debug|Any CPU
		{F785CA03-1A5C-4951-96E5-FE4D7A322F26}.Debug|x86.Build.0 = Debug|Any CPU
		{F785CA03-1A5C-4951-96E5-FE4D7A322F26}.Release|Any CPU.ActiveCfg = Release|Any CPU
		{F785CA03-1A5C-4951-96E5-FE4D7A322F26}.Release|Any CPU.Build.0 = Release|Any CPU
		{F785CA03-1A5C-4951-96E5-FE4D7A322F26}.Release|x86.ActiveCfg = Release|Any CPU
		{F785CA03-1A5C-4951-96E5-FE4D7A322F26}.Release|x86.Build.0 = Release|Any CPU
		{8CC075B6-7514-4B88-B770-A90C3E8B175B}.Debug|Any CPU.ActiveCfg = Debug|Any CPU
		{8CC075B6-7514-4B88-B770-A90C3E8B175B}.Debug|Any CPU.Build.0 = Debug|Any CPU
		{8CC075B6-7514-4B88-B770-A90C3E8B175B}.Debug|x86.ActiveCfg = Debug|Any CPU
		{8CC075B6-7514-4B88-B770-A90C3E8B175B}.Debug|x86.Build.0 = Debug|Any CPU
		{8CC075B6-7514-4B88-B770-A90C3E8B175B}.Release|Any CPU.ActiveCfg = Release|Any CPU
		{8CC075B6-7514-4B88-B770-A90C3E8B175B}.Release|Any CPU.Build.0 = Release|Any CPU
		{8CC075B6-7514-4B88-B770-A90C3E8B175B}.Release|x86.ActiveCfg = Release|Any CPU
		{8CC075B6-7514-4B88-B770-A90C3E8B175B}.Release|x86.Build.0 = Release|Any CPU
	EndGlobalSection
	GlobalSection(SolutionProperties) = preSolution
		HideSolutionNode = FALSE
	EndGlobalSection
	GlobalSection(ExtensibilityGlobals) = postSolution
		SolutionGuid = {CF2E1D32-24B7-420F-A37C-B5A82D48C6CB}
	EndGlobalSection
EndGlobal
